
Microsoft Visual Studio Solution File, Format Version 12.00
# Visual Studio Version 17
VisualStudioVersion = 17.0.31903.59
MinimumVisualStudioVersion = 10.0.40219.1
Project("{2150E333-8FDC-42A3-9474-1A3956D46DE8}") = "src", "src", "{827E0CD3-B72D-47B6-A68D-7590B98EB39B}"
EndProject
Project("{2150E333-8FDC-42A3-9474-1A3956D46DE8}") = "app", "app", "{547E75E0-49BC-27F6-65D6-DF25CFFB661A}"
EndProject
Project("{2150E333-8FDC-42A3-9474-1A3956D46DE8}") = "FCDownloader", "FCDownloader", "{BED7DA40-5DCF-BB17-3645-9F4375C7D2E6}"
EndProject
Project("{2150E333-8FDC-42A3-9474-1A3956D46DE8}") = "src", "src", "{EDE87799-6922-2984-3FEA-2CE529095645}"
EndProject
Project("{FAE04EC0-301F-11D3-BF4B-00C04F79EFBC}") = "FCDownloader", "src\app\FCDownloader\src\FCDownloader.csproj", "{79272E3F-A094-49E5-A713-CFE48C49949E}"
EndProject
Project("{2150E333-8FDC-42A3-9474-1A3956D46DE8}") = "libraries", "libraries", "{5E7EC0AF-E837-5B7A-FB41-A4DCCA877D1F}"
EndProject
Project("{2150E333-8FDC-42A3-9474-1A3956D46DE8}") = "AridityTeam.Base", "AridityTeam.Base", "{C0AA2FCB-92EA-50F7-4077-28B3D95DD13A}"
EndProject
Project("{2150E333-8FDC-42A3-9474-1A3956D46DE8}") = "src", "src", "{A6DB1DDB-1481-19EE-A21B-793CCAE651B0}"
EndProject
Project("{FAE04EC0-301F-11D3-BF4B-00C04F79EFBC}") = "AridityTeam.Base", "src\libraries\AridityTeam.Base\src\AridityTeam.Base.csproj", "{C8266F73-52A9-4CCE-AAC7-0324A64E6CC5}"
EndProject
Project("{2150E333-8FDC-42A3-9474-1A3956D46DE8}") = "tests", "tests", "{FAC85BF9-60A2-C28D-E1F8-86E844F8FAD9}"
EndProject
Project("{FAE04EC0-301F-11D3-BF4B-00C04F79EFBC}") = "AridityTeam.Base.Tests", "src\libraries\AridityTeam.Base\tests\AridityTeam.Base.Tests.csproj", "{0C6A61EC-308B-4FA7-9F57-69FCCC7AAB1E}"
EndProject
Global
	GlobalSection(SolutionConfigurationPlatforms) = preSolution
		Debug|Any CPU = Debug|Any CPU
		Debug|x64 = Debug|x64
		Debug|x86 = Debug|x86
		Release|Any CPU = Release|Any CPU
		Release|x64 = Release|x64
		Release|x86 = Release|x86
	EndGlobalSection
	GlobalSection(ProjectConfigurationPlatforms) = postSolution
		{79272E3F-A094-49E5-A713-CFE48C49949E}.Debug|Any CPU.ActiveCfg = Debug|Any CPU
		{79272E3F-A094-49E5-A713-CFE48C49949E}.Debug|Any CPU.Build.0 = Debug|Any CPU
		{79272E3F-A094-49E5-A713-CFE48C49949E}.Debug|x64.ActiveCfg = Debug|Any CPU
		{79272E3F-A094-49E5-A713-CFE48C49949E}.Debug|x64.Build.0 = Debug|Any CPU
		{79272E3F-A094-49E5-A713-CFE48C49949E}.Debug|x86.ActiveCfg = Debug|Any CPU
		{79272E3F-A094-49E5-A713-CFE48C49949E}.Debug|x86.Build.0 = Debug|Any CPU
		{79272E3F-A094-49E5-A713-CFE48C49949E}.Release|Any CPU.ActiveCfg = Release|Any CPU
		{79272E3F-A094-49E5-A713-CFE48C49949E}.Release|Any CPU.Build.0 = Release|Any CPU
		{79272E3F-A094-49E5-A713-CFE48C49949E}.Release|x64.ActiveCfg = Release|Any CPU
		{79272E3F-A094-49E5-A713-CFE48C49949E}.Release|x64.Build.0 = Release|Any CPU
		{79272E3F-A094-49E5-A713-CFE48C49949E}.Release|x86.ActiveCfg = Release|Any CPU
		{79272E3F-A094-49E5-A713-CFE48C49949E}.Release|x86.Build.0 = Release|Any CPU
		{C8266F73-52A9-4CCE-AAC7-0324A64E6CC5}.Debug|Any CPU.ActiveCfg = Debug|Any CPU
		{C8266F73-52A9-4CCE-AAC7-0324A64E6CC5}.Debug|Any CPU.Build.0 = Debug|Any CPU
		{C8266F73-52A9-4CCE-AAC7-0324A64E6CC5}.Debug|x64.ActiveCfg = Debug|Any CPU
		{C8266F73-52A9-4CCE-AAC7-0324A64E6CC5}.Debug|x64.Build.0 = Debug|Any CPU
		{C8266F73-52A9-4CCE-AAC7-0324A64E6CC5}.Debug|x86.ActiveCfg = Debug|Any CPU
		{C8266F73-52A9-4CCE-AAC7-0324A64E6CC5}.Debug|x86.Build.0 = Debug|Any CPU
		{C8266F73-52A9-4CCE-AAC7-0324A64E6CC5}.Release|Any CPU.ActiveCfg = Release|Any CPU
		{C8266F73-52A9-4CCE-AAC7-0324A64E6CC5}.Release|Any CPU.Build.0 = Release|Any CPU
		{C8266F73-52A9-4CCE-AAC7-0324A64E6CC5}.Release|x64.ActiveCfg = Release|Any CPU
		{C8266F73-52A9-4CCE-AAC7-0324A64E6CC5}.Release|x64.Build.0 = Release|Any CPU
		{C8266F73-52A9-4CCE-AAC7-0324A64E6CC5}.Release|x86.ActiveCfg = Release|Any CPU
		{C8266F73-52A9-4CCE-AAC7-0324A64E6CC5}.Release|x86.Build.0 = Release|Any CPU
		{0C6A61EC-308B-4FA7-9F57-69FCCC7AAB1E}.Debug|Any CPU.ActiveCfg = Debug|Any CPU
		{0C6A61EC-308B-4FA7-9F57-69FCCC7AAB1E}.Debug|Any CPU.Build.0 = Debug|Any CPU
		{0C6A61EC-308B-4FA7-9F57-69FCCC7AAB1E}.Debug|x64.ActiveCfg = Debug|Any CPU
		{0C6A61EC-308B-4FA7-9F57-69FCCC7AAB1E}.Debug|x64.Build.0 = Debug|Any CPU
		{0C6A61EC-308B-4FA7-9F57-69FCCC7AAB1E}.Debug|x86.ActiveCfg = Debug|Any CPU
		{0C6A61EC-308B-4FA7-9F57-69FCCC7AAB1E}.Debug|x86.Build.0 = Debug|Any CPU
		{0C6A61EC-308B-4FA7-9F57-69FCCC7AAB1E}.Release|Any CPU.ActiveCfg = Release|Any CPU
		{0C6A61EC-308B-4FA7-9F57-69FCCC7AAB1E}.Release|Any CPU.Build.0 = Release|Any CPU
		{0C6A61EC-308B-4FA7-9F57-69FCCC7AAB1E}.Release|x64.ActiveCfg = Release|Any CPU
		{0C6A61EC-308B-4FA7-9F57-69FCCC7AAB1E}.Release|x64.Build.0 = Release|Any CPU
		{0C6A61EC-308B-4FA7-9F57-69FCCC7AAB1E}.Release|x86.ActiveCfg = Release|Any CPU
		{0C6A61EC-308B-4FA7-9F57-69FCCC7AAB1E}.Release|x86.Build.0 = Release|Any CPU
	EndGlobalSection
	GlobalSection(SolutionProperties) = preSolution
		HideSolutionNode = FALSE
	EndGlobalSection
	GlobalSection(NestedProjects) = preSolution
		{547E75E0-49BC-27F6-65D6-DF25CFFB661A} = {827E0CD3-B72D-47B6-A68D-7590B98EB39B}
		{BED7DA40-5DCF-BB17-3645-9F4375C7D2E6} = {547E75E0-49BC-27F6-65D6-DF25CFFB661A}
		{EDE87799-6922-2984-3FEA-2CE529095645} = {BED7DA40-5DCF-BB17-3645-9F4375C7D2E6}
		{79272E3F-A094-49E5-A713-CFE48C49949E} = {EDE87799-6922-2984-3FEA-2CE529095645}
		{5E7EC0AF-E837-5B7A-FB41-A4DCCA877D1F} = {827E0CD3-B72D-47B6-A68D-7590B98EB39B}
		{C0AA2FCB-92EA-50F7-4077-28B3D95DD13A} = {5E7EC0AF-E837-5B7A-FB41-A4DCCA877D1F}
		{A6DB1DDB-1481-19EE-A21B-793CCAE651B0} = {C0AA2FCB-92EA-50F7-4077-28B3D95DD13A}
		{C8266F73-52A9-4CCE-AAC7-0324A64E6CC5} = {A6DB1DDB-1481-19EE-A21B-793CCAE651B0}
		{FAC85BF9-60A2-C28D-E1F8-86E844F8FAD9} = {C0AA2FCB-92EA-50F7-4077-28B3D95DD13A}
		{0C6A61EC-308B-4FA7-9F57-69FCCC7AAB1E} = {FAC85BF9-60A2-C28D-E1F8-86E844F8FAD9}
	EndGlobalSection
EndGlobal
